PODS:
  - Alamofire (4.3.0)
  - ESPullToRefresh (2.6)
  - Eureka (2.0.1)
  - Firebase/Core (3.15.0):
    - FirebaseAnalytics (= 3.7.0)
    - FirebaseCore (= 3.5.2)
  - FirebaseAnalytics (3.7.0):
    - FirebaseCore (~> 3.5)
    - FirebaseInstanceID (~> 1.0)
    - GoogleToolboxForMac/NSData+zlib (~> 2.1)
  - FirebaseCore (3.5.2):
    - GoogleToolboxForMac/NSData+zlib (~> 2.1)
  - FirebaseInstanceID (1.0.9)
  - GoogleToolboxForMac/Defines (2.1.1)
  - GoogleToolboxForMac/NSData+zlib (2.1.1):
    - GoogleToolboxForMac/Defines (= 2.1.1)
  - SCLAlertView (0.7.0)
  - SwiftyJSON (3.1.4)
  - SwiftyUtils (0.7.0)

DEPENDENCIES:
  - Alamofire
  - ESPullToRefresh
  - Eureka (~> 2.0.0-beta.1)
  - Firebase/Core
  - SCLAlertView
  - SwiftyJSON
  - SwiftyUtils

SPEC CHECKSUMS:
  Alamofire: 856a113053a7bc9cbe5d6367a555d773fc5cfef7
  ESPullToRefresh: 85f4990acf87f78c6a1466bbbee7a75d7de24db9
  Eureka: ae837bb1dfae0c07bc1bda7aeef87876eeb537c2
  Firebase: 2b1cdfba1cda8589f32904a697cc753322bff9d8
  FirebaseAnalytics: 0d1b7d81d5021155be37702a94ba1ec16d45365d
  FirebaseCore: a024587e43778508700af8c6b1209f7c4516ba02
  FirebaseInstanceID: 2d0518b1378fe9d685ef40cbdd63d2fdc1125339
  GoogleToolboxForMac: 8e329f1b599f2512c6b10676d45736bcc2cbbeb0
  SCLAlertView: 8a14ffc40590c619e183eed2298b854385f30be1
  SwiftyJSON: c2842d878f95482ffceec5709abc3d05680c0220
  SwiftyUtils: 87094996d977846e5a9f2cbe653ff28dc15ba187

PODFILE CHECKSUM: 998731453d3a36329571f9146cb62453cec678de

COCOAPODS: 1.1.0.beta.1
