// !$*UTF8*$!
{
	archiveVersion = 1;
	classes = {
	};
	objectVersion = 46;
	objects = {

/* Begin PBXBuildFile section */
		1B637105003EEBB23BB3843D /* Pods_ExchangeRates.framework in Frameworks */ = {isa = PBXBuildFile; fileRef = 7DCCC51541CCA69CB675FD2F /* Pods_ExchangeRates.framework */; };
		5A06111823781A8A00929675 /* TodayExtensionSettingsController.swift in Sources */ = {isa = PBXBuildFile; fileRef = 5A06111723781A8A00929675 /* TodayExtensionSettingsController.swift */; };
		5A0C556623816E7A005547F3 /* InfoPlist.strings in Resources */ = {isa = PBXBuildFile; fileRef = 5A0C556823816E7A005547F3 /* InfoPlist.strings */; };
		5A0D16FB237FEDAD001303D7 /* Currencies.swift in Sources */ = {isa = PBXBuildFile; fileRef = 5A191C8B1E5CAA1200ECC13B /* Currencies.swift */; };
		5A0D16FD237FEE1F001303D7 /* UserDefaultsExtension.swift in Sources */ = {isa = PBXBuildFile; fileRef = 5A0D16FC237FEE1F001303D7 /* UserDefaultsExtension.swift */; };
		5A0D16FE237FEE27001303D7 /* UserDefaultsExtension.swift in Sources */ = {isa = PBXBuildFile; fileRef = 5A0D16FC237FEE1F001303D7 /* UserDefaultsExtension.swift */; };
		5A18D5D41E6D9C8B0026AF76 /* CurrencyConverterController.swift in Sources */ = {isa = PBXBuildFile; fileRef = 5A18D5D31E6D9C8B0026AF76 /* CurrencyConverterController.swift */; };
		5A191C7A1E5C335C00ECC13B /* AppDelegate.swift in Sources */ = {isa = PBXBuildFile; fileRef = 5A191C791E5C335C00ECC13B /* AppDelegate.swift */; };
		5A191C7C1E5C335C00ECC13B /* ExchangeRatesController.swift in Sources */ = {isa = PBXBuildFile; fileRef = 5A191C7B1E5C335C00ECC13B /* ExchangeRatesController.swift */; };
		5A191C7F1E5C335C00ECC13B /* Main.storyboard in Resources */ = {isa = PBXBuildFile; fileRef = 5A191C7D1E5C335C00ECC13B /* Main.storyboard */; };
		5A191C811E5C335C00ECC13B /* Assets.xcassets in Resources */ = {isa = PBXBuildFile; fileRef = 5A191C801E5C335C00ECC13B /* Assets.xcassets */; };
		5A191C841E5C335C00ECC13B /* LaunchScreen.storyboard in Resources */ = {isa = PBXBuildFile; fileRef = 5A191C821E5C335C00ECC13B /* LaunchScreen.storyboard */; };
		5A191C8C1E5CAA1200ECC13B /* Currencies.swift in Sources */ = {isa = PBXBuildFile; fileRef = 5A191C8B1E5CAA1200ECC13B /* Currencies.swift */; };
		5A1966101E89382E00A09AC6 /* HistoricalRatesController.swift in Sources */ = {isa = PBXBuildFile; fileRef = 5A19660F1E89382E00A09AC6 /* HistoricalRatesController.swift */; };
		5A1A86021E73EB4900565278 /* CurrencyConverterRow.swift in Sources */ = {isa = PBXBuildFile; fileRef = 5A1A86011E73EB4900565278 /* CurrencyConverterRow.swift */; };
		5A1AEC181E64B430005369BB /* SettingsController.swift in Sources */ = {isa = PBXBuildFile; fileRef = 5A1AEC171E64B430005369BB /* SettingsController.swift */; };
		5A1CFCB71EAE0D6D00EAF8A7 /* SecretStuff.swift in Sources */ = {isa = PBXBuildFile; fileRef = 5A1CFCB61EAE0D6D00EAF8A7 /* SecretStuff.swift */; };
		5A1D14E31E7D38BB0006BB61 /* InfoPlist.strings in Resources */ = {isa = PBXBuildFile; fileRef = 5A1D14E51E7D38BB0006BB61 /* InfoPlist.strings */; };
		5A1D5D2A1E879A1800714BBC /* GoogleService-Info.plist in Resources */ = {isa = PBXBuildFile; fileRef = 5A1D5D291E879A1800714BBC /* GoogleService-Info.plist */; };
		5A1D7B6F1E655C9400BCD3B8 /* FormTags.swift in Sources */ = {isa = PBXBuildFile; fileRef = 5A1D7B6E1E655C9400BCD3B8 /* FormTags.swift */; };
		5A1D7B711E65F86800BCD3B8 /* CurrencySelectorRow.swift in Sources */ = {isa = PBXBuildFile; fileRef = 5A1D7B701E65F86800BCD3B8 /* CurrencySelectorRow.swift */; };
		5A1D7B731E65F8C300BCD3B8 /* CurrencySelectorController.swift in Sources */ = {isa = PBXBuildFile; fileRef = 5A1D7B721E65F8C300BCD3B8 /* CurrencySelectorController.swift */; };
		5A208A321E7E77F100B1E68D /* MySplitViewController.swift in Sources */ = {isa = PBXBuildFile; fileRef = 5A208A311E7E77F100B1E68D /* MySplitViewController.swift */; };
		5A234E441E75518C0008A5FF /* Localizable.strings in Resources */ = {isa = PBXBuildFile; fileRef = 5A234E461E75518C0008A5FF /* Localizable.strings */; };
		5A4E5A39236D871700E84A46 /* NotificationCenter.framework in Frameworks */ = {isa = PBXBuildFile; fileRef = 5A4E5A38236D871700E84A46 /* NotificationCenter.framework */; };
		5A4E5A3C236D871800E84A46 /* TodayViewController.swift in Sources */ = {isa = PBXBuildFile; fileRef = 5A4E5A3B236D871800E84A46 /* TodayViewController.swift */; };
		5A4E5A3F236D871800E84A46 /* MainInterface.storyboard in Resources */ = {isa = PBXBuildFile; fileRef = 5A4E5A3D236D871800E84A46 /* MainInterface.storyboard */; };
		5A4E5A43236D871800E84A46 /* ExchangeRates.appex in Embed App Extensions */ = {isa = PBXBuildFile; fileRef = 5A4E5A37236D871700E84A46 /* ExchangeRates.appex */; settings = {ATTRIBUTES = (RemoveHeadersOnCopy, ); }; };
		5AFF86EC23EAE11D00EF24B6 /* SF-Pro-Text-Regular.otf in Resources */ = {isa = PBXBuildFile; fileRef = 5AFF86EB23EAE11C00EF24B6 /* SF-Pro-Text-Regular.otf */; };
		6E12533261AB6C59FB753362 /* Pods_SimpleCurrency.framework in Frameworks */ = {isa = PBXBuildFile; fileRef = A613F2D304F175C8ED5269B1 /* Pods_SimpleCurrency.framework */; };
/* End PBXBuildFile section */

/* Begin PBXContainerItemProxy section */
		5A4E5A41236D871800E84A46 /* PBXContainerItemProxy */ = {
			isa = PBXContainerItemProxy;
			containerPortal = 5A191C6E1E5C335C00ECC13B /* Project object */;
			proxyType = 1;
			remoteGlobalIDString = 5A4E5A36236D871700E84A46;
			remoteInfo = ExchangeRates;
		};
/* End PBXContainerItemProxy section */

/* Begin PBXCopyFilesBuildPhase section */
		5A4E5A47236D871800E84A46 /* Embed App Extensions */ = {
			isa = PBXCopyFilesBuildPhase;
			buildActionMask = 2147483647;
			dstPath = "";
			dstSubfolderSpec = 13;
			files = (
				5A4E5A43236D871800E84A46 /* ExchangeRates.appex in Embed App Extensions */,
			);
			name = "Embed App Extensions";
			runOnlyForDeploymentPostprocessing = 0;
		};
/* End PBXCopyFilesBuildPhase section */

/* Begin PBXFileReference section */
		2336DA63D22E48873C5112B4 /* Pods-SimpleCurrency-ExchangeRates.release.xcconfig */ = {isa = PBXFileReference; includeInIndex = 1; lastKnownFileType = text.xcconfig; name = "Pods-SimpleCurrency-ExchangeRates.release.xcconfig"; path = "Pods/Target Support Files/Pods-SimpleCurrency-ExchangeRates/Pods-SimpleCurrency-ExchangeRates.release.xcconfig"; sourceTree = "<group>"; };
		5A06111723781A8A00929675 /* TodayExtensionSettingsController.swift */ = {isa = PBXFileReference; lastKnownFileType = sourcecode.swift; path = TodayExtensionSettingsController.swift; sourceTree = "<group>"; };
		5A06111923781ABD00929675 /* ExchangeRates.entitlements */ = {isa = PBXFileReference; lastKnownFileType = text.plist.entitlements; path = ExchangeRates.entitlements; sourceTree = "<group>"; };
		5A0C556323816BBF005547F3 /* zh-Hans */ = {isa = PBXFileReference; lastKnownFileType = text.plist.strings; name = "zh-Hans"; path = "zh-Hans.lproj/Main.strings"; sourceTree = "<group>"; };
		5A0C556723816E7A005547F3 /* zh-Hans */ = {isa = PBXFileReference; lastKnownFileType = text.plist.strings; name = "zh-Hans"; path = "zh-Hans.lproj/InfoPlist.strings"; sourceTree = "<group>"; };
		5A0C556923816E80005547F3 /* zh-Hant */ = {isa = PBXFileReference; lastKnownFileType = text.plist.strings; name = "zh-Hant"; path = "zh-Hant.lproj/InfoPlist.strings"; sourceTree = "<group>"; };
		5A0C556A23816E80005547F3 /* ja */ = {isa = PBXFileReference; lastKnownFileType = text.plist.strings; name = ja; path = ja.lproj/InfoPlist.strings; sourceTree = "<group>"; };
		5A0D16FC237FEE1F001303D7 /* UserDefaultsExtension.swift */ = {isa = PBXFileReference; lastKnownFileType = sourcecode.swift; path = UserDefaultsExtension.swift; sourceTree = "<group>"; };
		5A18D5D31E6D9C8B0026AF76 /* CurrencyConverterController.swift */ = {isa = PBXFileReference; fileEncoding = 4; lastKnownFileType = sourcecode.swift; path = CurrencyConverterController.swift; sourceTree = "<group>"; };
		5A191C761E5C335C00ECC13B /* SimpleCurrency.app */ = {isa = PBXFileReference; explicitFileType = wrapper.application; includeInIndex = 0; path = SimpleCurrency.app; sourceTree = BUILT_PRODUCTS_DIR; };
		5A191C791E5C335C00ECC13B /* AppDelegate.swift */ = {isa = PBXFileReference; lastKnownFileType = sourcecode.swift; path = AppDelegate.swift; sourceTree = "<group>"; };
		5A191C7B1E5C335C00ECC13B /* ExchangeRatesController.swift */ = {isa = PBXFileReference; lastKnownFileType = sourcecode.swift; path = ExchangeRatesController.swift; sourceTree = "<group>"; };
		5A191C7E1E5C335C00ECC13B /* Base */ = {isa = PBXFileReference; lastKnownFileType = file.storyboard; name = Base; path = Base.lproj/Main.storyboard; sourceTree = "<group>"; };
		5A191C801E5C335C00ECC13B /* Assets.xcassets */ = {isa = PBXFileReference; lastKnownFileType = folder.assetcatalog; path = Assets.xcassets; sourceTree = "<group>"; };
		5A191C831E5C335C00ECC13B /* Base */ = {isa = PBXFileReference; lastKnownFileType = file.storyboard; name = Base; path = Base.lproj/LaunchScreen.storyboard; sourceTree = "<group>"; };
		5A191C851E5C335C00ECC13B /* Info.plist */ = {isa = PBXFileReference; lastKnownFileType = text.plist.xml; path = Info.plist; sourceTree = "<group>"; };
		5A191C8B1E5CAA1200ECC13B /* Currencies.swift */ = {isa = PBXFileReference; fileEncoding = 4; lastKnownFileType = sourcecode.swift; path = Currencies.swift; sourceTree = "<group>"; };
		5A19660F1E89382E00A09AC6 /* HistoricalRatesController.swift */ = {isa = PBXFileReference; fileEncoding = 4; lastKnownFileType = sourcecode.swift; path = HistoricalRatesController.swift; sourceTree = "<group>"; };
		5A1A86011E73EB4900565278 /* CurrencyConverterRow.swift */ = {isa = PBXFileReference; fileEncoding = 4; lastKnownFileType = sourcecode.swift; path = CurrencyConverterRow.swift; sourceTree = "<group>"; };
		5A1AEC171E64B430005369BB /* SettingsController.swift */ = {isa = PBXFileReference; fileEncoding = 4; lastKnownFileType = sourcecode.swift; path = SettingsController.swift; sourceTree = "<group>"; };
		5A1CFCB61EAE0D6D00EAF8A7 /* SecretStuff.swift */ = {isa = PBXFileReference; fileEncoding = 4; lastKnownFileType = sourcecode.swift; path = SecretStuff.swift; sourceTree = "<group>"; };
		5A1D14E41E7D38BB0006BB61 /* Base */ = {isa = PBXFileReference; lastKnownFileType = text.plist.strings; name = Base; path = Base.lproj/InfoPlist.strings; sourceTree = "<group>"; };
		5A1D14E61E7D38BD0006BB61 /* zh-Hant */ = {isa = PBXFileReference; lastKnownFileType = text.plist.strings; name = "zh-Hant"; path = "zh-Hant.lproj/InfoPlist.strings"; sourceTree = "<group>"; };
		5A1D14E71E7D38C10006BB61 /* ja */ = {isa = PBXFileReference; lastKnownFileType = text.plist.strings; name = ja; path = ja.lproj/InfoPlist.strings; sourceTree = "<group>"; };
		5A1D14E81E7D38C20006BB61 /* zh-Hans */ = {isa = PBXFileReference; lastKnownFileType = text.plist.strings; name = "zh-Hans"; path = "zh-Hans.lproj/InfoPlist.strings"; sourceTree = "<group>"; };
		5A1D5D291E879A1800714BBC /* GoogleService-Info.plist */ = {isa = PBXFileReference; fileEncoding = 4; lastKnownFileType = text.plist.xml; path = "GoogleService-Info.plist"; sourceTree = "<group>"; };
		5A1D7B6E1E655C9400BCD3B8 /* FormTags.swift */ = {isa = PBXFileReference; fileEncoding = 4; lastKnownFileType = sourcecode.swift; path = FormTags.swift; sourceTree = "<group>"; };
		5A1D7B701E65F86800BCD3B8 /* CurrencySelectorRow.swift */ = {isa = PBXFileReference; fileEncoding = 4; lastKnownFileType = sourcecode.swift; path = CurrencySelectorRow.swift; sourceTree = "<group>"; };
		5A1D7B721E65F8C300BCD3B8 /* CurrencySelectorController.swift */ = {isa = PBXFileReference; fileEncoding = 4; lastKnownFileType = sourcecode.swift; path = CurrencySelectorController.swift; sourceTree = "<group>"; };
		5A208A311E7E77F100B1E68D /* MySplitViewController.swift */ = {isa = PBXFileReference; fileEncoding = 4; lastKnownFileType = sourcecode.swift; path = MySplitViewController.swift; sourceTree = "<group>"; };
		5A234E3D1E754D850008A5FF /* zh-Hans */ = {isa = PBXFileReference; lastKnownFileType = text.plist.strings; name = "zh-Hans"; path = "zh-Hans.lproj/LaunchScreen.strings"; sourceTree = "<group>"; };
		5A234E3E1E754D8C0008A5FF /* zh-Hant */ = {isa = PBXFileReference; lastKnownFileType = text.plist.strings; name = "zh-Hant"; path = "zh-Hant.lproj/Main.strings"; sourceTree = "<group>"; };
		5A234E3F1E754D8C0008A5FF /* zh-Hant */ = {isa = PBXFileReference; lastKnownFileType = text.plist.strings; name = "zh-Hant"; path = "zh-Hant.lproj/LaunchScreen.strings"; sourceTree = "<group>"; };
		5A234E401E754D920008A5FF /* ja */ = {isa = PBXFileReference; lastKnownFileType = text.plist.strings; name = ja; path = ja.lproj/Main.strings; sourceTree = "<group>"; };
		5A234E411E754D920008A5FF /* ja */ = {isa = PBXFileReference; lastKnownFileType = text.plist.strings; name = ja; path = ja.lproj/LaunchScreen.strings; sourceTree = "<group>"; };
		5A234E451E75518C0008A5FF /* zh-Hans */ = {isa = PBXFileReference; lastKnownFileType = text.plist.strings; name = "zh-Hans"; path = "zh-Hans.lproj/Localizable.strings"; sourceTree = "<group>"; };
		5A234E481E7551930008A5FF /* zh-Hant */ = {isa = PBXFileReference; lastKnownFileType = text.plist.strings; name = "zh-Hant"; path = "zh-Hant.lproj/Localizable.strings"; sourceTree = "<group>"; };
		5A234E491E7551950008A5FF /* ja */ = {isa = PBXFileReference; lastKnownFileType = text.plist.strings; name = ja; path = ja.lproj/Localizable.strings; sourceTree = "<group>"; };
		5A234E4A1E75519A0008A5FF /* Base */ = {isa = PBXFileReference; lastKnownFileType = text.plist.strings; name = Base; path = Base.lproj/Localizable.strings; sourceTree = "<group>"; };
		5A4E5A32236D85FF00E84A46 /* SimpleCurrency.entitlements */ = {isa = PBXFileReference; lastKnownFileType = text.plist.entitlements; path = SimpleCurrency.entitlements; sourceTree = "<group>"; };
		5A4E5A37236D871700E84A46 /* ExchangeRates.appex */ = {isa = PBXFileReference; explicitFileType = "wrapper.app-extension"; includeInIndex = 0; path = ExchangeRates.appex; sourceTree = BUILT_PRODUCTS_DIR; };
		5A4E5A38236D871700E84A46 /* NotificationCenter.framework */ = {isa = PBXFileReference; lastKnownFileType = wrapper.framework; name = NotificationCenter.framework; path = System/Library/Frameworks/NotificationCenter.framework; sourceTree = SDKROOT; };
		5A4E5A3B236D871800E84A46 /* TodayViewController.swift */ = {isa = PBXFileReference; lastKnownFileType = sourcecode.swift; path = TodayViewController.swift; sourceTree = "<group>"; };
		5A4E5A3E236D871800E84A46 /* Base */ = {isa = PBXFileReference; lastKnownFileType = file.storyboard; name = Base; path = Base.lproj/MainInterface.storyboard; sourceTree = "<group>"; };
		5A4E5A40236D871800E84A46 /* Info.plist */ = {isa = PBXFileReference; lastKnownFileType = text.plist.xml; path = Info.plist; sourceTree = "<group>"; };
		5AFF86EB23EAE11C00EF24B6 /* SF-Pro-Text-Regular.otf */ = {isa = PBXFileReference; lastKnownFileType = file; path = "SF-Pro-Text-Regular.otf"; sourceTree = "<group>"; };
		7DCCC51541CCA69CB675FD2F /* Pods_ExchangeRates.framework */ = {isa = PBXFileReference; explicitFileType = wrapper.framework; includeInIndex = 0; path = Pods_ExchangeRates.framework; sourceTree = BUILT_PRODUCTS_DIR; };
		80B2828395DFC175BEB932E4 /* Pods-ExchangeRates.debug.xcconfig */ = {isa = PBXFileReference; includeInIndex = 1; lastKnownFileType = text.xcconfig; name = "Pods-ExchangeRates.debug.xcconfig"; path = "Pods/Target Support Files/Pods-ExchangeRates/Pods-ExchangeRates.debug.xcconfig"; sourceTree = "<group>"; };
		9F699ABD056C85C33D24082B /* Pods-SimpleCurrency-ExchangeRates.debug.xcconfig */ = {isa = PBXFileReference; includeInIndex = 1; lastKnownFileType = text.xcconfig; name = "Pods-SimpleCurrency-ExchangeRates.debug.xcconfig"; path = "Pods/Target Support Files/Pods-SimpleCurrency-ExchangeRates/Pods-SimpleCurrency-ExchangeRates.debug.xcconfig"; sourceTree = "<group>"; };
		A613F2D304F175C8ED5269B1 /* Pods_SimpleCurrency.framework */ = {isa = PBXFileReference; explicitFileType = wrapper.framework; includeInIndex = 0; path = Pods_SimpleCurrency.framework; sourceTree = BUILT_PRODUCTS_DIR; };
		C360ED55DDA9F8CC99FA2E65 /* Pods-SimpleCurrency.debug.xcconfig */ = {isa = PBXFileReference; includeInIndex = 1; lastKnownFileType = text.xcconfig; name = "Pods-SimpleCurrency.debug.xcconfig"; path = "Pods/Target Support Files/Pods-SimpleCurrency/Pods-SimpleCurrency.debug.xcconfig"; sourceTree = "<group>"; };
		C3BC98F554243ABD2B4A9DAE /* Pods-ExchangeRates.release.xcconfig */ = {isa = PBXFileReference; includeInIndex = 1; lastKnownFileType = text.xcconfig; name = "Pods-ExchangeRates.release.xcconfig"; path = "Pods/Target Support Files/Pods-ExchangeRates/Pods-ExchangeRates.release.xcconfig"; sourceTree = "<group>"; };
		D295204E4A13776956D5917C /* Pods-SimpleCurrency.release.xcconfig */ = {isa = PBXFileReference; includeInIndex = 1; lastKnownFileType = text.xcconfig; name = "Pods-SimpleCurrency.release.xcconfig"; path = "Pods/Target Support Files/Pods-SimpleCurrency/Pods-SimpleCurrency.release.xcconfig"; sourceTree = "<group>"; };
/* End PBXFileReference section */

/* Begin PBXFrameworksBuildPhase section */
		5A191C731E5C335C00ECC13B /* Frameworks */ = {
			isa = PBXFrameworksBuildPhase;
			buildActionMask = 2147483647;
			files = (
				6E12533261AB6C59FB753362 /* Pods_SimpleCurrency.framework in Frameworks */,
			);
			runOnlyForDeploymentPostprocessing = 0;
		};
		5A4E5A34236D871700E84A46 /* Frameworks */ = {
			isa = PBXFrameworksBuildPhase;
			buildActionMask = 2147483647;
			files = (
				5A4E5A39236D871700E84A46 /* NotificationCenter.framework in Frameworks */,
				1B637105003EEBB23BB3843D /* Pods_ExchangeRates.framework in Frameworks */,
			);
			runOnlyForDeploymentPostprocessing = 0;
		};
/* End PBXFrameworksBuildPhase section */

/* Begin PBXGroup section */
		3705FA6D196B1EE3B64D312A /* Frameworks */ = {
			isa = PBXGroup;
			children = (
				A613F2D304F175C8ED5269B1 /* Pods_SimpleCurrency.framework */,
				5A4E5A38236D871700E84A46 /* NotificationCenter.framework */,
				7DCCC51541CCA69CB675FD2F /* Pods_ExchangeRates.framework */,
			);
			name = Frameworks;
			sourceTree = "<group>";
		};
		5A191C6D1E5C335C00ECC13B = {
			isa = PBXGroup;
			children = (
				5A191C781E5C335C00ECC13B /* SimpleCurrency */,
				5A4E5A3A236D871800E84A46 /* ExchangeRates */,
				5A191C771E5C335C00ECC13B /* Products */,
				64120C9D4D50459D084F736B /* Pods */,
				3705FA6D196B1EE3B64D312A /* Frameworks */,
			);
			sourceTree = "<group>";
		};
		5A191C771E5C335C00ECC13B /* Products */ = {
			isa = PBXGroup;
			children = (
				5A191C761E5C335C00ECC13B /* SimpleCurrency.app */,
				5A4E5A37236D871700E84A46 /* ExchangeRates.appex */,
			);
			name = Products;
			sourceTree = "<group>";
		};
		5A191C781E5C335C00ECC13B /* SimpleCurrency */ = {
			isa = PBXGroup;
			children = (
				5AFF86EB23EAE11C00EF24B6 /* SF-Pro-Text-Regular.otf */,
				5A4E5A32236D85FF00E84A46 /* SimpleCurrency.entitlements */,
				5A1D5D291E879A1800714BBC /* GoogleService-Info.plist */,
				5A191C791E5C335C00ECC13B /* AppDelegate.swift */,
				5A191C7B1E5C335C00ECC13B /* ExchangeRatesController.swift */,
				5A1AEC171E64B430005369BB /* SettingsController.swift */,
				5A1D7B721E65F8C300BCD3B8 /* CurrencySelectorController.swift */,
				5A18D5D31E6D9C8B0026AF76 /* CurrencyConverterController.swift */,
				5A208A311E7E77F100B1E68D /* MySplitViewController.swift */,
				5A19660F1E89382E00A09AC6 /* HistoricalRatesController.swift */,
				5A06111723781A8A00929675 /* TodayExtensionSettingsController.swift */,
				5A1D7B701E65F86800BCD3B8 /* CurrencySelectorRow.swift */,
				5A1A86011E73EB4900565278 /* CurrencyConverterRow.swift */,
				5A191C8B1E5CAA1200ECC13B /* Currencies.swift */,
				5A1D7B6E1E655C9400BCD3B8 /* FormTags.swift */,
				5A1CFCB61EAE0D6D00EAF8A7 /* SecretStuff.swift */,
				5A0D16FC237FEE1F001303D7 /* UserDefaultsExtension.swift */,
				5A191C7D1E5C335C00ECC13B /* Main.storyboard */,
				5A191C801E5C335C00ECC13B /* Assets.xcassets */,
				5A191C821E5C335C00ECC13B /* LaunchScreen.storyboard */,
				5A234E461E75518C0008A5FF /* Localizable.strings */,
				5A191C851E5C335C00ECC13B /* Info.plist */,
				5A1D14E51E7D38BB0006BB61 /* InfoPlist.strings */,
			);
			path = SimpleCurrency;
			sourceTree = "<group>";
		};
		5A4E5A3A236D871800E84A46 /* ExchangeRates */ = {
			isa = PBXGroup;
			children = (
				5A06111923781ABD00929675 /* ExchangeRates.entitlements */,
				5A4E5A3B236D871800E84A46 /* TodayViewController.swift */,
				5A4E5A3D236D871800E84A46 /* MainInterface.storyboard */,
				5A4E5A40236D871800E84A46 /* Info.plist */,
				5A0C556823816E7A005547F3 /* InfoPlist.strings */,
			);
			path = ExchangeRates;
			sourceTree = "<group>";
		};
		64120C9D4D50459D084F736B /* Pods */ = {
			isa = PBXGroup;
			children = (
				C360ED55DDA9F8CC99FA2E65 /* Pods-SimpleCurrency.debug.xcconfig */,
				D295204E4A13776956D5917C /* Pods-SimpleCurrency.release.xcconfig */,
				9F699ABD056C85C33D24082B /* Pods-SimpleCurrency-ExchangeRates.debug.xcconfig */,
				2336DA63D22E48873C5112B4 /* Pods-SimpleCurrency-ExchangeRates.release.xcconfig */,
				80B2828395DFC175BEB932E4 /* Pods-ExchangeRates.debug.xcconfig */,
				C3BC98F554243ABD2B4A9DAE /* Pods-ExchangeRates.release.xcconfig */,
			);
			name = Pods;
			sourceTree = "<group>";
		};
/* End PBXGroup section */

/* Begin PBXNativeTarget section */
		5A191C751E5C335C00ECC13B /* SimpleCurrency */ = {
			isa = PBXNativeTarget;
			buildConfigurationList = 5A191C881E5C335C00ECC13B /* Build configuration list for PBXNativeTarget "SimpleCurrency" */;
			buildPhases = (
				33BF23149EE9F5840DA2B843 /* [CP] Check Pods Manifest.lock */,
				5A191C721E5C335C00ECC13B /* Sources */,
				5A191C731E5C335C00ECC13B /* Frameworks */,
				5A191C741E5C335C00ECC13B /* Resources */,
				94C655DDA7BBF8484389FF02 /* [CP] Embed Pods Frameworks */,
				5A4E5A47236D871800E84A46 /* Embed App Extensions */,
			);
			buildRules = (
			);
			dependencies = (
				5A4E5A42236D871800E84A46 /* PBXTargetDependency */,
			);
			name = SimpleCurrency;
			productName = SimpleCurrency;
			productReference = 5A191C761E5C335C00ECC13B /* SimpleCurrency.app */;
			productType = "com.apple.product-type.application";
		};
		5A4E5A36236D871700E84A46 /* ExchangeRates */ = {
			isa = PBXNativeTarget;
			buildConfigurationList = 5A4E5A44236D871800E84A46 /* Build configuration list for PBXNativeTarget "ExchangeRates" */;
			buildPhases = (
				894614B7078FA1112A40132D /* [CP] Check Pods Manifest.lock */,
				5A4E5A33236D871700E84A46 /* Sources */,
				5A4E5A34236D871700E84A46 /* Frameworks */,
				5A4E5A35236D871700E84A46 /* Resources */,
			);
			buildRules = (
			);
			dependencies = (
			);
			name = ExchangeRates;
			productName = ExchangeRates;
			productReference = 5A4E5A37236D871700E84A46 /* ExchangeRates.appex */;
			productType = "com.apple.product-type.app-extension";
		};
/* End PBXNativeTarget section */

/* Begin PBXProject section */
		5A191C6E1E5C335C00ECC13B /* Project object */ = {
			isa = PBXProject;
			attributes = {
				LastSwiftUpdateCheck = 1010;
				LastUpgradeCheck = 1240;
				ORGANIZATIONNAME = "Mulang Su";
				TargetAttributes = {
					5A191C751E5C335C00ECC13B = {
						CreatedOnToolsVersion = 8.2.1;
						DevelopmentTeam = E9MW74DJ4Y;
						LastSwiftMigration = 1100;
						ProvisioningStyle = Automatic;
						SystemCapabilities = {
							com.apple.ApplicationGroups.iOS = {
								enabled = 1;
							};
						};
					};
					5A4E5A36236D871700E84A46 = {
						CreatedOnToolsVersion = 10.1;
						DevelopmentTeam = E9MW74DJ4Y;
						LastSwiftMigration = 1100;
						ProvisioningStyle = Automatic;
					};
				};
			};
			buildConfigurationList = 5A191C711E5C335C00ECC13B /* Build configuration list for PBXProject "SimpleCurrency" */;
			compatibilityVersion = "Xcode 3.2";
			developmentRegion = en;
			hasScannedForEncodings = 0;
			knownRegions = (
				en,
				Base,
				"zh-Hant",
				ja,
				"zh-Hans",
			);
			mainGroup = 5A191C6D1E5C335C00ECC13B;
			productRefGroup = 5A191C771E5C335C00ECC13B /* Products */;
			projectDirPath = "";
			projectRoot = "";
			targets = (
				5A191C751E5C335C00ECC13B /* SimpleCurrency */,
				5A4E5A36236D871700E84A46 /* ExchangeRates */,
			);
		};
/* End PBXProject section */

/* Begin PBXResourcesBuildPhase section */
		5A191C741E5C335C00ECC13B /* Resources */ = {
			isa = PBXResourcesBuildPhase;
			buildActionMask = 2147483647;
			files = (
				5A191C841E5C335C00ECC13B /* LaunchScreen.storyboard in Resources */,
				5A234E441E75518C0008A5FF /* Localizable.strings in Resources */,
				5A191C811E5C335C00ECC13B /* Assets.xcassets in Resources */,
				5A191C7F1E5C335C00ECC13B /* Main.storyboard in Resources */,
				5A1D14E31E7D38BB0006BB61 /* InfoPlist.strings in Resources */,
				5A1D5D2A1E879A1800714BBC /* GoogleService-Info.plist in Resources */,
			);
			runOnlyForDeploymentPostprocessing = 0;
		};
		5A4E5A35236D871700E84A46 /* Resources */ = {
			isa = PBXResourcesBuildPhase;
			buildActionMask = 2147483647;
			files = (
				5AFF86EC23EAE11D00EF24B6 /* SF-Pro-Text-Regular.otf in Resources */,
				5A4E5A3F236D871800E84A46 /* MainInterface.storyboard in Resources */,
				5A0C556623816E7A005547F3 /* InfoPlist.strings in Resources */,
			);
			runOnlyForDeploymentPostprocessing = 0;
		};
/* End PBXResourcesBuildPhase section */

/* Begin PBXShellScriptBuildPhase section */
		33BF23149EE9F5840DA2B843 /* [CP] Check Pods Manifest.lock */ = {
			isa = PBXShellScriptBuildPhase;
			buildActionMask = 2147483647;
			files = (
			);
			inputPaths = (
				"${PODS_PODFILE_DIR_PATH}/Podfile.lock",
				"${PODS_ROOT}/Manifest.lock",
			);
			name = "[CP] Check Pods Manifest.lock";
			outputPaths = (
				"$(DERIVED_FILE_DIR)/Pods-SimpleCurrency-checkManifestLockResult.txt",
			);
			runOnlyForDeploymentPostprocessing = 0;
			shellPath = /bin/sh;
			shellScript = "diff \"${PODS_PODFILE_DIR_PATH}/Podfile.lock\" \"${PODS_ROOT}/Manifest.lock\" > /dev/null\nif [ $? != 0 ] ; then\n    # print error to STDERR\n    echo \"error: The sandbox is not in sync with the Podfile.lock. Run 'pod install' or update your CocoaPods installation.\" >&2\n    exit 1\nfi\n# This output is used by Xcode 'outputs' to avoid re-running this script phase.\necho \"SUCCESS\" > \"${SCRIPT_OUTPUT_FILE_0}\"\n";
			showEnvVarsInLog = 0;
		};
		894614B7078FA1112A40132D /* [CP] Check Pods Manifest.lock */ = {
			isa = PBXShellScriptBuildPhase;
			buildActionMask = 2147483647;
			files = (
			);
			inputFileListPaths = (
			);
			inputPaths = (
				"${PODS_PODFILE_DIR_PATH}/Podfile.lock",
				"${PODS_ROOT}/Manifest.lock",
			);
			name = "[CP] Check Pods Manifest.lock";
			outputFileListPaths = (
			);
			outputPaths = (
				"$(DERIVED_FILE_DIR)/Pods-ExchangeRates-checkManifestLockResult.txt",
			);
			runOnlyForDeploymentPostprocessing = 0;
			shellPath = /bin/sh;
			shellScript = "diff \"${PODS_PODFILE_DIR_PATH}/Podfile.lock\" \"${PODS_ROOT}/Manifest.lock\" > /dev/null\nif [ $? != 0 ] ; then\n    # print error to STDERR\n    echo \"error: The sandbox is not in sync with the Podfile.lock. Run 'pod install' or update your CocoaPods installation.\" >&2\n    exit 1\nfi\n# This output is used by Xcode 'outputs' to avoid re-running this script phase.\necho \"SUCCESS\" > \"${SCRIPT_OUTPUT_FILE_0}\"\n";
			showEnvVarsInLog = 0;
		};
		94C655DDA7BBF8484389FF02 /* [CP] Embed Pods Frameworks */ = {
			isa = PBXShellScriptBuildPhase;
			buildActionMask = 2147483647;
			files = (
			);
			inputPaths = (
				"${PODS_ROOT}/Target Support Files/Pods-SimpleCurrency/Pods-SimpleCurrency-frameworks.sh",
				"${BUILT_PRODUCTS_DIR}/Alamofire/Alamofire.framework",
				"${BUILT_PRODUCTS_DIR}/Eureka/Eureka.framework",
				"${BUILT_PRODUCTS_DIR}/FirebaseCore/FirebaseCore.framework",
				"${BUILT_PRODUCTS_DIR}/FirebaseCoreDiagnostics/FirebaseCoreDiagnostics.framework",
				"${BUILT_PRODUCTS_DIR}/FirebaseInstallations/FirebaseInstallations.framework",
				"${BUILT_PRODUCTS_DIR}/GoogleDataTransport/GoogleDataTransport.framework",
				"${BUILT_PRODUCTS_DIR}/GoogleUtilities/GoogleUtilities.framework",
				"${BUILT_PRODUCTS_DIR}/PromisesObjC/FBLPromises.framework",
				"${BUILT_PRODUCTS_DIR}/SCLAlertView/SCLAlertView.framework",
				"${BUILT_PRODUCTS_DIR}/SVPullToRefresh/SVPullToRefresh.framework",
				"${BUILT_PRODUCTS_DIR}/SwiftChart/SwiftChart.framework",
				"${BUILT_PRODUCTS_DIR}/SwiftyJSON/SwiftyJSON.framework",
				"${BUILT_PRODUCTS_DIR}/SwiftyUtils/SwiftyUtils.framework",
				"${BUILT_PRODUCTS_DIR}/nanopb/nanopb.framework",
			);
			name = "[CP] Embed Pods Frameworks";
			outputPaths = (
				"${TARGET_BUILD_DIR}/${FRAMEWORKS_FOLDER_PATH}/Alamofire.framework",
				"${TARGET_BUILD_DIR}/${FRAMEWORKS_FOLDER_PATH}/Eureka.framework",
				"${TARGET_BUILD_DIR}/${FRAMEWORKS_FOLDER_PATH}/FirebaseCore.framework",
				"${TARGET_BUILD_DIR}/${FRAMEWORKS_FOLDER_PATH}/FirebaseCoreDiagnostics.framework",
				"${TARGET_BUILD_DIR}/${FRAMEWORKS_FOLDER_PATH}/FirebaseInstallations.framework",
				"${TARGET_BUILD_DIR}/${FRAMEWORKS_FOLDER_PATH}/GoogleDataTransport.framework",
				"${TARGET_BUILD_DIR}/${FRAMEWORKS_FOLDER_PATH}/GoogleUtilities.framework",
				"${TARGET_BUILD_DIR}/${FRAMEWORKS_FOLDER_PATH}/FBLPromises.framework",
				"${TARGET_BUILD_DIR}/${FRAMEWORKS_FOLDER_PATH}/SCLAlertView.framework",
				"${TARGET_BUILD_DIR}/${FRAMEWORKS_FOLDER_PATH}/SVPullToRefresh.framework",
				"${TARGET_BUILD_DIR}/${FRAMEWORKS_FOLDER_PATH}/SwiftChart.framework",
				"${TARGET_BUILD_DIR}/${FRAMEWORKS_FOLDER_PATH}/SwiftyJSON.framework",
				"${TARGET_BUILD_DIR}/${FRAMEWORKS_FOLDER_PATH}/SwiftyUtils.framework",
				"${TARGET_BUILD_DIR}/${FRAMEWORKS_FOLDER_PATH}/nanopb.framework",
			);
			runOnlyForDeploymentPostprocessing = 0;
			shellPath = /bin/sh;
			shellScript = "\"${PODS_ROOT}/Target Support Files/Pods-SimpleCurrency/Pods-SimpleCurrency-frameworks.sh\"\n";
			showEnvVarsInLog = 0;
		};
/* End PBXShellScriptBuildPhase section */

/* Begin PBXSourcesBuildPhase section */
		5A191C721E5C335C00ECC13B /* Sources */ = {
			isa = PBXSourcesBuildPhase;
			buildActionMask = 2147483647;
			files = (
				5A1D7B711E65F86800BCD3B8 /* CurrencySelectorRow.swift in Sources */,
				5A208A321E7E77F100B1E68D /* MySplitViewController.swift in Sources */,
				5A18D5D41E6D9C8B0026AF76 /* CurrencyConverterController.swift in Sources */,
				5A1AEC181E64B430005369BB /* SettingsController.swift in Sources */,
				5A1966101E89382E00A09AC6 /* HistoricalRatesController.swift in Sources */,
				5A191C8C1E5CAA1200ECC13B /* Currencies.swift in Sources */,
				5A191C7C1E5C335C00ECC13B /* ExchangeRatesController.swift in Sources */,
				5A1A86021E73EB4900565278 /* CurrencyConverterRow.swift in Sources */,
				5A1D7B6F1E655C9400BCD3B8 /* FormTags.swift in Sources */,
				5A1D7B731E65F8C300BCD3B8 /* CurrencySelectorController.swift in Sources */,
				5A1CFCB71EAE0D6D00EAF8A7 /* SecretStuff.swift in Sources */,
				5A191C7A1E5C335C00ECC13B /* AppDelegate.swift in Sources */,
				5A0D16FD237FEE1F001303D7 /* UserDefaultsExtension.swift in Sources */,
				5A06111823781A8A00929675 /* TodayExtensionSettingsController.swift in Sources */,
			);
			runOnlyForDeploymentPostprocessing = 0;
		};
		5A4E5A33236D871700E84A46 /* Sources */ = {
			isa = PBXSourcesBuildPhase;
			buildActionMask = 2147483647;
			files = (
				5A0D16FB237FEDAD001303D7 /* Currencies.swift in Sources */,
				5A0D16FE237FEE27001303D7 /* UserDefaultsExtension.swift in Sources */,
				5A4E5A3C236D871800E84A46 /* TodayViewController.swift in Sources */,
			);
			runOnlyForDeploymentPostprocessing = 0;
		};
/* End PBXSourcesBuildPhase section */

/* Begin PBXTargetDependency section */
		5A4E5A42236D871800E84A46 /* PBXTargetDependency */ = {
			isa = PBXTargetDependency;
			target = 5A4E5A36236D871700E84A46 /* ExchangeRates */;
			targetProxy = 5A4E5A41236D871800E84A46 /* PBXContainerItemProxy */;
		};
/* End PBXTargetDependency section */

/* Begin PBXVariantGroup section */
		5A0C556823816E7A005547F3 /* InfoPlist.strings */ = {
			isa = PBXVariantGroup;
			children = (
				5A0C556723816E7A005547F3 /* zh-Hans */,
				5A0C556923816E80005547F3 /* zh-Hant */,
				5A0C556A23816E80005547F3 /* ja */,
			);
			name = InfoPlist.strings;
			sourceTree = "<group>";
		};
		5A191C7D1E5C335C00ECC13B /* Main.storyboard */ = {
			isa = PBXVariantGroup;
			children = (
				5A191C7E1E5C335C00ECC13B /* Base */,
				5A234E3E1E754D8C0008A5FF /* zh-Hant */,
				5A234E401E754D920008A5FF /* ja */,
				5A0C556323816BBF005547F3 /* zh-Hans */,
			);
			name = Main.storyboard;
			sourceTree = "<group>";
		};
		5A191C821E5C335C00ECC13B /* LaunchScreen.storyboard */ = {
			isa = PBXVariantGroup;
			children = (
				5A191C831E5C335C00ECC13B /* Base */,
				5A234E3D1E754D850008A5FF /* zh-Hans */,
				5A234E3F1E754D8C0008A5FF /* zh-Hant */,
				5A234E411E754D920008A5FF /* ja */,
			);
			name = LaunchScreen.storyboard;
			sourceTree = "<group>";
		};
		5A1D14E51E7D38BB0006BB61 /* InfoPlist.strings */ = {
			isa = PBXVariantGroup;
			children = (
				5A1D14E41E7D38BB0006BB61 /* Base */,
				5A1D14E61E7D38BD0006BB61 /* zh-Hant */,
				5A1D14E71E7D38C10006BB61 /* ja */,
				5A1D14E81E7D38C20006BB61 /* zh-Hans */,
			);
			name = InfoPlist.strings;
			sourceTree = "<group>";
		};
		5A234E461E75518C0008A5FF /* Localizable.strings */ = {
			isa = PBXVariantGroup;
			children = (
				5A234E451E75518C0008A5FF /* zh-Hans */,
				5A234E481E7551930008A5FF /* zh-Hant */,
				5A234E491E7551950008A5FF /* ja */,
				5A234E4A1E75519A0008A5FF /* Base */,
			);
			name = Localizable.strings;
			sourceTree = "<group>";
		};
		5A4E5A3D236D871800E84A46 /* MainInterface.storyboard */ = {
			isa = PBXVariantGroup;
			children = (
				5A4E5A3E236D871800E84A46 /* Base */,
			);
			name = MainInterface.storyboard;
			sourceTree = "<group>";
		};
/* End PBXVariantGroup section */

/* Begin XCBuildConfiguration section */
		5A191C861E5C335C00ECC13B /* Debug */ = {
			isa = XCBuildConfiguration;
			buildSettings = {
				ALWAYS_SEARCH_USER_PATHS = NO;
				CLANG_ANALYZER_LOCALIZABILITY_NONLOCALIZED = YES;
				CLANG_ANALYZER_NONNULL = YES;
				CLANG_CXX_LANGUAGE_STANDARD = "gnu++0x";
				CLANG_CXX_LIBRARY = "libc++";
				CLANG_ENABLE_MODULES = YES;
				CLANG_ENABLE_OBJC_ARC = YES;
				CLANG_WARN_BLOCK_CAPTURE_AUTORELEASING = YES;
				CLANG_WARN_BOOL_CONVERSION = YES;
				CLANG_WARN_COMMA = YES;
				CLANG_WARN_CONSTANT_CONVERSION = YES;
				CLANG_WARN_DEPRECATED_OBJC_IMPLEMENTATIONS = YES;
				CLANG_WARN_DIRECT_OBJC_ISA_USAGE = YES_ERROR;
				CLANG_WARN_DOCUMENTATION_COMMENTS = YES;
				CLANG_WARN_EMPTY_BODY = YES;
				CLANG_WARN_ENUM_CONVERSION = YES;
				CLANG_WARN_INFINITE_RECURSION = YES;
				CLANG_WARN_INT_CONVERSION = YES;
				CLANG_WARN_NON_LITERAL_NULL_CONVERSION = YES;
				CLANG_WARN_OBJC_IMPLICIT_RETAIN_SELF = YES;
				CLANG_WARN_OBJC_LITERAL_CONVERSION = YES;
				CLANG_WARN_OBJC_ROOT_CLASS = YES_ERROR;
				CLANG_WARN_QUOTED_INCLUDE_IN_FRAMEWORK_HEADER = YES;
				CLANG_WARN_RANGE_LOOP_ANALYSIS = YES;
				CLANG_WARN_STRICT_PROTOTYPES = YES;
				CLANG_WARN_SUSPICIOUS_MOVE = YES;
				CLANG_WARN_UNREACHABLE_CODE = YES;
				CLANG_WARN__DUPLICATE_METHOD_MATCH = YES;
				"CODE_SIGN_IDENTITY[sdk=iphoneos*]" = "iPhone Developer";
				COPY_PHASE_STRIP = NO;
				DEBUG_INFORMATION_FORMAT = dwarf;
				ENABLE_STRICT_OBJC_MSGSEND = YES;
				ENABLE_TESTABILITY = YES;
				GCC_C_LANGUAGE_STANDARD = gnu99;
				GCC_DYNAMIC_NO_PIC = NO;
				GCC_NO_COMMON_BLOCKS = YES;
				GCC_OPTIMIZATION_LEVEL = 0;
				GCC_PREPROCESSOR_DEFINITIONS = (
					"DEBUG=1",
					"$(inherited)",
				);
				GCC_WARN_64_TO_32_BIT_CONVERSION = YES;
				GCC_WARN_ABOUT_RETURN_TYPE = YES_ERROR;
				GCC_WARN_UNDECLARED_SELECTOR = YES;
				GCC_WARN_UNINITIALIZED_AUTOS = YES_AGGRESSIVE;
				GCC_WARN_UNUSED_FUNCTION = YES;
				GCC_WARN_UNUSED_VARIABLE = YES;
				IPHONEOS_DEPLOYMENT_TARGET = 12.0;
				MTL_ENABLE_DEBUG_INFO = YES;
				ONLY_ACTIVE_ARCH = YES;
				SDKROOT = iphoneos;
				SWIFT_ACTIVE_COMPILATION_CONDITIONS = DEBUG;
				SWIFT_OPTIMIZATION_LEVEL = "-Onone";
				TARGETED_DEVICE_FAMILY = "1,2";
			};
			name = Debug;
		};
		5A191C871E5C335C00ECC13B /* Release */ = {
			isa = XCBuildConfiguration;
			buildSettings = {
				ALWAYS_SEARCH_USER_PATHS = NO;
				CLANG_ANALYZER_LOCALIZABILITY_NONLOCALIZED = YES;
				CLANG_ANALYZER_NONNULL = YES;
				CLANG_CXX_LANGUAGE_STANDARD = "gnu++0x";
				CLANG_CXX_LIBRARY = "libc++";
				CLANG_ENABLE_MODULES = YES;
				CLANG_ENABLE_OBJC_ARC = YES;
				CLANG_WARN_BLOCK_CAPTURE_AUTORELEASING = YES;
				CLANG_WARN_BOOL_CONVERSION = YES;
				CLANG_WARN_COMMA = YES;
				CLANG_WARN_CONSTANT_CONVERSION = YES;
				CLANG_WARN_DEPRECATED_OBJC_IMPLEMENTATIONS = YES;
				CLANG_WARN_DIRECT_OBJC_ISA_USAGE = YES_ERROR;
				CLANG_WARN_DOCUMENTATION_COMMENTS = YES;
				CLANG_WARN_EMPTY_BODY = YES;
				CLANG_WARN_ENUM_CONVERSION = YES;
				CLANG_WARN_INFINITE_RECURSION = YES;
				CLANG_WARN_INT_CONVERSION = YES;
				CLANG_WARN_NON_LITERAL_NULL_CONVERSION = YES;
				CLANG_WARN_OBJC_IMPLICIT_RETAIN_SELF = YES;
				CLANG_WARN_OBJC_LITERAL_CONVERSION = YES;
				CLANG_WARN_OBJC_ROOT_CLASS = YES_ERROR;
				CLANG_WARN_QUOTED_INCLUDE_IN_FRAMEWORK_HEADER = YES;
				CLANG_WARN_RANGE_LOOP_ANALYSIS = YES;
				CLANG_WARN_STRICT_PROTOTYPES = YES;
				CLANG_WARN_SUSPICIOUS_MOVE = YES;
				CLANG_WARN_UNREACHABLE_CODE = YES;
				CLANG_WARN__DUPLICATE_METHOD_MATCH = YES;
				"CODE_SIGN_IDENTITY[sdk=iphoneos*]" = "iPhone Developer";
				COPY_PHASE_STRIP = NO;
				DEBUG_INFORMATION_FORMAT = "dwarf-with-dsym";
				ENABLE_NS_ASSERTIONS = NO;
				ENABLE_STRICT_OBJC_MSGSEND = YES;
				GCC_C_LANGUAGE_STANDARD = gnu99;
				GCC_NO_COMMON_BLOCKS = YES;
				GCC_WARN_64_TO_32_BIT_CONVERSION = YES;
				GCC_WARN_ABOUT_RETURN_TYPE = YES_ERROR;
				GCC_WARN_UNDECLARED_SELECTOR = YES;
				GCC_WARN_UNINITIALIZED_AUTOS = YES_AGGRESSIVE;
				GCC_WARN_UNUSED_FUNCTION = YES;
				GCC_WARN_UNUSED_VARIABLE = YES;
				IPHONEOS_DEPLOYMENT_TARGET = 12.0;
				MTL_ENABLE_DEBUG_INFO = NO;
				SDKROOT = iphoneos;
				SWIFT_OPTIMIZATION_LEVEL = "-Owholemodule";
				TARGETED_DEVICE_FAMILY = "1,2";
				VALIDATE_PRODUCT = YES;
			};
			name = Release;
		};
		5A191C891E5C335C00ECC13B /* Debug */ = {
			isa = XCBuildConfiguration;
			baseConfigurationReference = C360ED55DDA9F8CC99FA2E65 /* Pods-SimpleCurrency.debug.xcconfig */;
			buildSettings = {
				ALWAYS_EMBED_SWIFT_STANDARD_LIBRARIES = YES;
				ASSETCATALOG_COMPILER_APPICON_NAME = AppIcon;
				CODE_SIGN_ENTITLEMENTS = SimpleCurrency/SimpleCurrency.entitlements;
				CODE_SIGN_IDENTITY = "iPhone Developer";
				CURRENT_PROJECT_VERSION = 11;
				DEVELOPMENT_TEAM = E9MW74DJ4Y;
				INFOPLIST_FILE = SimpleCurrency/Info.plist;
				IPHONEOS_DEPLOYMENT_TARGET = 12.0;
				LD_RUNPATH_SEARCH_PATHS = "$(inherited) @executable_path/Frameworks";
				MARKETING_VERSION = 2.2.2;
				PRODUCT_BUNDLE_IDENTIFIER = com.SimpleCurrency;
				PRODUCT_NAME = "$(TARGET_NAME)";
				SWIFT_VERSION = 5.0;
				TARGETED_DEVICE_FAMILY = "1,2";
			};
			name = Debug;
		};
		5A191C8A1E5C335C00ECC13B /* Release */ = {
			isa = XCBuildConfiguration;
			baseConfigurationReference = D295204E4A13776956D5917C /* Pods-SimpleCurrency.release.xcconfig */;
			buildSettings = {
				ALWAYS_EMBED_SWIFT_STANDARD_LIBRARIES = YES;
				ASSETCATALOG_COMPILER_APPICON_NAME = AppIcon;
				CODE_SIGN_ENTITLEMENTS = SimpleCurrency/SimpleCurrency.entitlements;
				CODE_SIGN_IDENTITY = "iPhone Developer";
				CURRENT_PROJECT_VERSION = 11;
				DEVELOPMENT_TEAM = E9MW74DJ4Y;
				INFOPLIST_FILE = SimpleCurrency/Info.plist;
				IPHONEOS_DEPLOYMENT_TARGET = 12.0;
				LD_RUNPATH_SEARCH_PATHS = "$(inherited) @executable_path/Frameworks";
				MARKETING_VERSION = 2.2.2;
				PRODUCT_BUNDLE_IDENTIFIER = com.SimpleCurrency;
				PRODUCT_NAME = "$(TARGET_NAME)";
				SWIFT_VERSION = 5.0;
				TARGETED_DEVICE_FAMILY = "1,2";
			};
			name = Release;
		};
		5A4E5A45236D871800E84A46 /* Debug */ = {
			isa = XCBuildConfiguration;
			baseConfigurationReference = 80B2828395DFC175BEB932E4 /* Pods-ExchangeRates.debug.xcconfig */;
			buildSettings = {
				CLANG_ANALYZER_NUMBER_OBJECT_CONVERSION = YES_AGGRESSIVE;
				CLANG_CXX_LANGUAGE_STANDARD = "gnu++14";
				CLANG_ENABLE_OBJC_WEAK = YES;
				CLANG_WARN_BLOCK_CAPTURE_AUTORELEASING = YES;
				CLANG_WARN_COMMA = YES;
				CLANG_WARN_DEPRECATED_OBJC_IMPLEMENTATIONS = YES;
				CLANG_WARN_NON_LITERAL_NULL_CONVERSION = YES;
				CLANG_WARN_OBJC_IMPLICIT_RETAIN_SELF = YES;
				CLANG_WARN_OBJC_LITERAL_CONVERSION = YES;
				CLANG_WARN_RANGE_LOOP_ANALYSIS = YES;
				CLANG_WARN_STRICT_PROTOTYPES = YES;
				CLANG_WARN_UNGUARDED_AVAILABILITY = YES_AGGRESSIVE;
				CODE_SIGN_ENTITLEMENTS = ExchangeRates/ExchangeRates.entitlements;
				CODE_SIGN_IDENTITY = "iPhone Developer";
				CODE_SIGN_STYLE = Automatic;
				CURRENT_PROJECT_VERSION = 11;
				DEVELOPMENT_TEAM = E9MW74DJ4Y;
				GCC_C_LANGUAGE_STANDARD = gnu11;
				INFOPLIST_FILE = ExchangeRates/Info.plist;
				IPHONEOS_DEPLOYMENT_TARGET = 12.1;
				LD_RUNPATH_SEARCH_PATHS = "$(inherited) @executable_path/Frameworks @executable_path/../../Frameworks";
				MARKETING_VERSION = 2.2.2;
				MTL_ENABLE_DEBUG_INFO = INCLUDE_SOURCE;
				MTL_FAST_MATH = YES;
				PRODUCT_BUNDLE_IDENTIFIER = com.SimpleCurrency.ExchangeRates;
				PRODUCT_NAME = "$(TARGET_NAME)";
				SKIP_INSTALL = YES;
				SWIFT_VERSION = 5.0;
				TARGETED_DEVICE_FAMILY = "1,2";
			};
			name = Debug;
		};
		5A4E5A46236D871800E84A46 /* Release */ = {
			isa = XCBuildConfiguration;
			baseConfigurationReference = C3BC98F554243ABD2B4A9DAE /* Pods-ExchangeRates.release.xcconfig */;
			buildSettings = {
				CLANG_ANALYZER_NUMBER_OBJECT_CONVERSION = YES_AGGRESSIVE;
				CLANG_CXX_LANGUAGE_STANDARD = "gnu++14";
				CLANG_ENABLE_OBJC_WEAK = YES;
				CLANG_WARN_BLOCK_CAPTURE_AUTORELEASING = YES;
				CLANG_WARN_COMMA = YES;
				CLANG_WARN_DEPRECATED_OBJC_IMPLEMENTATIONS = YES;
				CLANG_WARN_NON_LITERAL_NULL_CONVERSION = YES;
				CLANG_WARN_OBJC_IMPLICIT_RETAIN_SELF = YES;
				CLANG_WARN_OBJC_LITERAL_CONVERSION = YES;
				CLANG_WARN_RANGE_LOOP_ANALYSIS = YES;
				CLANG_WARN_STRICT_PROTOTYPES = YES;
				CLANG_WARN_UNGUARDED_AVAILABILITY = YES_AGGRESSIVE;
				CODE_SIGN_ENTITLEMENTS = ExchangeRates/ExchangeRates.entitlements;
				CODE_SIGN_IDENTITY = "iPhone Developer";
				CODE_SIGN_STYLE = Automatic;
				CURRENT_PROJECT_VERSION = 11;
				DEVELOPMENT_TEAM = E9MW74DJ4Y;
				GCC_C_LANGUAGE_STANDARD = gnu11;
				INFOPLIST_FILE = ExchangeRates/Info.plist;
				IPHONEOS_DEPLOYMENT_TARGET = 12.1;
				LD_RUNPATH_SEARCH_PATHS = "$(inherited) @executable_path/Frameworks @executable_path/../../Frameworks";
				MARKETING_VERSION = 2.2.2;
				MTL_FAST_MATH = YES;
				PRODUCT_BUNDLE_IDENTIFIER = com.SimpleCurrency.ExchangeRates;
				PRODUCT_NAME = "$(TARGET_NAME)";
				SKIP_INSTALL = YES;
				SWIFT_VERSION = 5.0;
				TARGETED_DEVICE_FAMILY = "1,2";
			};
			name = Release;
		};
/* End XCBuildConfiguration section */

/* Begin XCConfigurationList section */
		5A191C711E5C335C00ECC13B /* Build configuration list for PBXProject "SimpleCurrency" */ = {
			isa = XCConfigurationList;
			buildConfigurations = (
				5A191C861E5C335C00ECC13B /* Debug */,
				5A191C871E5C335C00ECC13B /* Release */,
			);
			defaultConfigurationIsVisible = 0;
			defaultConfigurationName = Release;
		};
		5A191C881E5C335C00ECC13B /* Build configuration list for PBXNativeTarget "SimpleCurrency" */ = {
			isa = XCConfigurationList;
			buildConfigurations = (
				5A191C891E5C335C00ECC13B /* Debug */,
				5A191C8A1E5C335C00ECC13B /* Release */,
			);
			defaultConfigurationIsVisible = 0;
			defaultConfigurationName = Release;
		};
		5A4E5A44236D871800E84A46 /* Build configuration list for PBXNativeTarget "ExchangeRates" */ = {
			isa = XCConfigurationList;
			buildConfigurations = (
				5A4E5A45236D871800E84A46 /* Debug */,
				5A4E5A46236D871800E84A46 /* Release */,
			);
			defaultConfigurationIsVisible = 0;
			defaultConfigurationName = Release;
		};
/* End XCConfigurationList section */
	};
	rootObject = 5A191C6E1E5C335C00ECC13B /* Project object */;
}
